
Microsoft Visual Studio Solution File, Format Version 12.00
# Visual Studio Version 17
VisualStudioVersion = 17.4.33205.214
MinimumVisualStudioVersion = 10.0.40219.1
Project("{FAE04EC0-301F-11D3-BF4B-00C04F79EFBC}") = "SpecificationDesignPattern", "SpecificationDesignPattern\SpecificationDesignPattern.csproj", "{5B8ABC89-C3D2-461B-9E7C-DF896A0D57CF}"
EndProject
Global
	GlobalSection(SolutionConfigurationPlatforms) = preSolution
		Debug|Any CPU = Debug|Any CPU
		Release|Any CPU = Release|Any CPU
	EndGlobalSection
	GlobalSection(ProjectConfigurationPlatforms) = postSolution
		{5B8ABC89-C3D2-461B-9E7C-DF896A0D57CF}.Debug|Any CPU.ActiveCfg = Debug|Any CPU
		{5B8ABC89-C3D2-461B-9E7C-DF896A0D57CF}.Debug|Any CPU.Build.0 = Debug|Any CPU
		{5B8ABC89-C3D2-461B-9E7C-DF896A0D57CF}.Release|Any CPU.ActiveCfg = Release|Any CPU
		{5B8ABC89-C3D2-461B-9E7C-DF896A0D57CF}.Release|Any CPU.Build.0 = Release|Any CPU
	EndGlobalSection
	GlobalSection(SolutionProperties) = preSolution
		HideSolutionNode = FALSE
	EndGlobalSection
	GlobalSection(ExtensibilityGlobals) = postSolution
		SolutionGuid = {6D95D33D-BDF6-49FF-A589-1CFBAD2B9E21}
	EndGlobalSection
EndGlobal
